PODS:
  - FlutterMacOS (1.0.0)
  - url_launcher_macos (0.0.1):
    - FlutterMacOS
  - window_to_front (0.0.1):
    - FlutterMacOS

DEPENDENCIES:
  - FlutterMacOS (from `Flutter/ephemeral`)
  - url_launcher_macos (from `Flutter/ephemeral/.symlinks/plugins/url_launcher_macos/macos`)
  - window_to_front (from `Flutter/ephemeral/.symlinks/plugins/window_to_front/macos`)

EXTERNAL SOURCES:
  FlutterMacOS:
    :path: Flutter/ephemeral
  url_launcher_macos:
    :path: Flutter/ephemeral/.symlinks/plugins/url_launcher_macos/macos
  window_to_front:
    :path: Flutter/ephemeral/.symlinks/plugins/window_to_front/macos

SPEC CHECKSUMS:
  FlutterMacOS: d0db08ddef1a9af05a5ec4b724367152bb0500b1
  url_launcher_macos: 175a54c831f4375a6cf895875f716ee5af3888ce
  window_to_front: eb48f0d6034d7d6a96b730f977fa2fd8d8851c5e

PODFILE CHECKSUM: 049ff95020814803ae232437a10211a2c9ba3bcc

COCOAPODS: 1.16.2
